
Microsoft Visual Studio Solution File, Format Version 12.00
# Visual Studio Version 17
VisualStudioVersion = 17.12.35707.178
MinimumVisualStudioVersion = 10.0.40219.1
Project("{FAE04EC0-301F-11D3-BF4B-00C04F79EFBC}") = "Nas_Suchen", "Nas_Suchen.csproj", "{75788CE4-DE7B-447F-A654-3ADBA20A1CB2}"
EndProject
Project("{2150E333-8FDC-42A3-9474-1A3956D46DE8}") = "Projektmappenelemente", "Projektmappenelemente", "{760A9E60-C781-479B-AEF8-FF87D13DD630}"
EndProject
Global
	GlobalSection(SolutionConfigurationPlatforms) = preSolution
		Debug|Any CPU = Debug|Any CPU
		Release|Any CPU = Release|Any CPU
	EndGlobalSection
	GlobalSection(ProjectConfigurationPlatforms) = postSolution
		{75788CE4-DE7B-447F-A654-3ADBA20A1CB2}.Debug|Any CPU.ActiveCfg = Debug|Any CPU
		{75788CE4-DE7B-447F-A654-3ADBA20A1CB2}.Debug|Any CPU.Build.0 = Debug|Any CPU
		{75788CE4-DE7B-447F-A654-3ADBA20A1CB2}.Release|Any CPU.ActiveCfg = Release|Any CPU
		{75788CE4-DE7B-447F-A654-3ADBA20A1CB2}.Release|Any CPU.Build.0 = Release|Any CPU
	EndGlobalSection
	GlobalSection(SolutionProperties) = preSolution
		HideSolutionNode = FALSE
	EndGlobalSection
EndGlobal
